
Microsoft Visual Studio Solution File, Format Version 12.00
# Visual Studio Version 16
VisualStudioVersion = 16.0.31702.278
MinimumVisualStudioVersion = 10.0.40219.1
Project("{FAE04EC0-301F-11D3-BF4B-00C04F79EFBC}") = "Sakktabla", "Sakktabla\Sakktabla.csproj", "{9B8CED47-2F7C-4DF1-A774-93306172FE56}"
EndProject
Global
	GlobalSection(SolutionConfigurationPlatforms) = preSolution
		Debug|Any CPU = Debug|Any CPU
		Release|Any CPU = Release|Any CPU
	EndGlobalSection
	GlobalSection(ProjectConfigurationPlatforms) = postSolution
		{9B8CED47-2F7C-4DF1-A774-93306172FE56}.Debug|Any CPU.ActiveCfg = Debug|Any CPU
		{9B8CED47-2F7C-4DF1-A774-93306172FE56}.Debug|Any CPU.Build.0 = Debug|Any CPU
		{9B8CED47-2F7C-4DF1-A774-93306172FE56}.Release|Any CPU.ActiveCfg = Release|Any CPU
		{9B8CED47-2F7C-4DF1-A774-93306172FE56}.Release|Any CPU.Build.0 = Release|Any CPU
	EndGlobalSection
	GlobalSection(SolutionProperties) = preSolution
		HideSolutionNode = FALSE
	EndGlobalSection
	GlobalSection(ExtensibilityGlobals) = postSolution
		SolutionGuid = {1A59FCB9-A1ED-45E7-A0BE-833A3B392BC8}
	EndGlobalSection
EndGlobal
