
Microsoft Visual Studio Solution File, Format Version 12.00
# Visual Studio Version 16
VisualStudioVersion = 16.0.32228.343
MinimumVisualStudioVersion = 10.0.40219.1
Project("{FAE04EC0-301F-11D3-BF4B-00C04F79EFBC}") = "dogMeet_adminSite", "dogMeet_adminSite\dogMeet_adminSite.csproj", "{3A8A842D-FCE6-4DAA-BB72-75C85E00106B}"
EndProject
Global
	GlobalSection(SolutionConfigurationPlatforms) = preSolution
		Debug|Any CPU = Debug|Any CPU
		Release|Any CPU = Release|Any CPU
	EndGlobalSection
	GlobalSection(ProjectConfigurationPlatforms) = postSolution
		{3A8A842D-FCE6-4DAA-BB72-75C85E00106B}.Debug|Any CPU.ActiveCfg = Debug|Any CPU
		{3A8A842D-FCE6-4DAA-BB72-75C85E00106B}.Debug|Any CPU.Build.0 = Debug|Any CPU
		{3A8A842D-FCE6-4DAA-BB72-75C85E00106B}.Release|Any CPU.ActiveCfg = Release|Any CPU
		{3A8A842D-FCE6-4DAA-BB72-75C85E00106B}.Release|Any CPU.Build.0 = Release|Any CPU
	EndGlobalSection
	GlobalSection(SolutionProperties) = preSolution
		HideSolutionNode = FALSE
	EndGlobalSection
	GlobalSection(ExtensibilityGlobals) = postSolution
		SolutionGuid = {02736C1F-9B7D-4C8A-BF0D-7E72E16638F9}
	EndGlobalSection
EndGlobal
