
Microsoft Visual Studio Solution File, Format Version 12.00
# Visual Studio Version 17
VisualStudioVersion = 17.7.34202.233
MinimumVisualStudioVersion = 10.0.40219.1
Project("{9A19103F-16F7-4668-BE54-9A1E7A4F7556}") = "DAL6QM_HFT_2023241.Client", "DAL6QM_HFT_2023241.Client\DAL6QM_HFT_2023241.Client.csproj", "{58BEC85B-CD38-4C23-ABD3-2FCF9CB0A74F}"
EndProject
Project("{9A19103F-16F7-4668-BE54-9A1E7A4F7556}") = "DAL6QM_HFT_2023241.Models", "DAL6QM_HFT_2023241.Models\DAL6QM_HFT_2023241.Models.csproj", "{77539B94-5628-493B-96D2-8AF0F68B55B1}"
EndProject
Project("{9A19103F-16F7-4668-BE54-9A1E7A4F7556}") = "DAL6QM_HFT_2023241.Logic", "DAL6QM_HFT_2023241.Logic\DAL6QM_HFT_2023241.Logic.csproj", "{D237E5B0-79E5-45E0-A4DE-74BE96C04DDE}"
EndProject
Project("{9A19103F-16F7-4668-BE54-9A1E7A4F7556}") = "DAL6QM_HFT_2023241.Repository", "DAL6QM_HFT_2023241.Repository\DAL6QM_HFT_2023241.Repository.csproj", "{6244151D-9EAB-44E7-A706-9F135E617CAE}"
EndProject
Project("{9A19103F-16F7-4668-BE54-9A1E7A4F7556}") = "DAL6QM_HFT_2023241.Test", "DAL6QM_HFT_2023241.Test\DAL6QM_HFT_2023241.Test.csproj", "{AE1E7244-4E79-4B20-AE13-FB7F7E3B6B13}"
EndProject
Project("{2150E333-8FDC-42A3-9474-1A3956D46DE8}") = "Backend", "Backend", "{F03A4372-86B2-40F3-AC29-B7F21A13EFED}"
EndProject
Project("{2150E333-8FDC-42A3-9474-1A3956D46DE8}") = "Frontend", "Frontend", "{8430C099-6AE9-4229-8E2B-F567AB743C1F}"
EndProject
Project("{2150E333-8FDC-42A3-9474-1A3956D46DE8}") = "Shared", "Shared", "{607E69A9-6723-4F5C-8AF5-74E90E39E4BF}"
EndProject
Project("{9A19103F-16F7-4668-BE54-9A1E7A4F7556}") = "DAL6QM_HFT_2023241.Endpoint", "DAL6QM_HFT_2023241.Endpoint\DAL6QM_HFT_2023241.Endpoint.csproj", "{7DE55F16-8CAA-4945-AF66-BFDA76015139}"
EndProject
Project("{9A19103F-16F7-4668-BE54-9A1E7A4F7556}") = "DAL6QM_HFT_2023241.WpfClient", "DAL6QM_HFT_2023241.WpfClient\DAL6QM_HFT_2023241.WpfClient.csproj", "{704C9811-1075-41BB-B2DA-CA4CB9BFCFFA}"
EndProject
Project("{FAE04EC0-301F-11D3-BF4B-00C04F79EFBC}") = "DAL6QM_HFT_2023241.JSClient", "DAL6QM_HFT_2023241.JSClient\DAL6QM_HFT_2023241.JSClient.csproj", "{89D4F9A0-4173-4F14-AAA0-0A99C421B562}"
EndProject
Global
	GlobalSection(SolutionConfigurationPlatforms) = preSolution
		Debug|Any CPU = Debug|Any CPU
		Release|Any CPU = Release|Any CPU
	EndGlobalSection
	GlobalSection(ProjectConfigurationPlatforms) = postSolution
		{58BEC85B-CD38-4C23-ABD3-2FCF9CB0A74F}.Debug|Any CPU.ActiveCfg = Debug|Any CPU
		{58BEC85B-CD38-4C23-ABD3-2FCF9CB0A74F}.Debug|Any CPU.Build.0 = Debug|Any CPU
		{58BEC85B-CD38-4C23-ABD3-2FCF9CB0A74F}.Release|Any CPU.ActiveCfg = Release|Any CPU
		{58BEC85B-CD38-4C23-ABD3-2FCF9CB0A74F}.Release|Any CPU.Build.0 = Release|Any CPU
		{77539B94-5628-493B-96D2-8AF0F68B55B1}.Debug|Any CPU.ActiveCfg = Debug|Any CPU
		{77539B94-5628-493B-96D2-8AF0F68B55B1}.Debug|Any CPU.Build.0 = Debug|Any CPU
		{77539B94-5628-493B-96D2-8AF0F68B55B1}.Release|Any CPU.ActiveCfg = Release|Any CPU
		{77539B94-5628-493B-96D2-8AF0F68B55B1}.Release|Any CPU.Build.0 = Release|Any CPU
		{D237E5B0-79E5-45E0-A4DE-74BE96C04DDE}.Debug|Any CPU.ActiveCfg = Debug|Any CPU
		{D237E5B0-79E5-45E0-A4DE-74BE96C04DDE}.Debug|Any CPU.Build.0 = Debug|Any CPU
		{D237E5B0-79E5-45E0-A4DE-74BE96C04DDE}.Release|Any CPU.ActiveCfg = Release|Any CPU
		{D237E5B0-79E5-45E0-A4DE-74BE96C04DDE}.Release|Any CPU.Build.0 = Release|Any CPU
		{6244151D-9EAB-44E7-A706-9F135E617CAE}.Debug|Any CPU.ActiveCfg = Debug|Any CPU
		{6244151D-9EAB-44E7-A706-9F135E617CAE}.Debug|Any CPU.Build.0 = Debug|Any CPU
		{6244151D-9EAB-44E7-A706-9F135E617CAE}.Release|Any CPU.ActiveCfg = Release|Any CPU
		{6244151D-9EAB-44E7-A706-9F135E617CAE}.Release|Any CPU.Build.0 = Release|Any CPU
		{AE1E7244-4E79-4B20-AE13-FB7F7E3B6B13}.Debug|Any CPU.ActiveCfg = Debug|Any CPU
		{AE1E7244-4E79-4B20-AE13-FB7F7E3B6B13}.Debug|Any CPU.Build.0 = Debug|Any CPU
		{AE1E7244-4E79-4B20-AE13-FB7F7E3B6B13}.Release|Any CPU.ActiveCfg = Release|Any CPU
		{AE1E7244-4E79-4B20-AE13-FB7F7E3B6B13}.Release|Any CPU.Build.0 = Release|Any CPU
		{7DE55F16-8CAA-4945-AF66-BFDA76015139}.Debug|Any CPU.ActiveCfg = Debug|Any CPU
		{7DE55F16-8CAA-4945-AF66-BFDA76015139}.Debug|Any CPU.Build.0 = Debug|Any CPU
		{7DE55F16-8CAA-4945-AF66-BFDA76015139}.Release|Any CPU.ActiveCfg = Release|Any CPU
		{7DE55F16-8CAA-4945-AF66-BFDA76015139}.Release|Any CPU.Build.0 = Release|Any CPU
		{704C9811-1075-41BB-B2DA-CA4CB9BFCFFA}.Debug|Any CPU.ActiveCfg = Debug|Any CPU
		{704C9811-1075-41BB-B2DA-CA4CB9BFCFFA}.Debug|Any CPU.Build.0 = Debug|Any CPU
		{704C9811-1075-41BB-B2DA-CA4CB9BFCFFA}.Release|Any CPU.ActiveCfg = Release|Any CPU
		{704C9811-1075-41BB-B2DA-CA4CB9BFCFFA}.Release|Any CPU.Build.0 = Release|Any CPU
		{89D4F9A0-4173-4F14-AAA0-0A99C421B562}.Debug|Any CPU.ActiveCfg = Debug|Any CPU
		{89D4F9A0-4173-4F14-AAA0-0A99C421B562}.Debug|Any CPU.Build.0 = Debug|Any CPU
		{89D4F9A0-4173-4F14-AAA0-0A99C421B562}.Release|Any CPU.ActiveCfg = Release|Any CPU
		{89D4F9A0-4173-4F14-AAA0-0A99C421B562}.Release|Any CPU.Build.0 = Release|Any CPU
	EndGlobalSection
	GlobalSection(SolutionProperties) = preSolution
		HideSolutionNode = FALSE
	EndGlobalSection
	GlobalSection(NestedProjects) = preSolution
		{58BEC85B-CD38-4C23-ABD3-2FCF9CB0A74F} = {8430C099-6AE9-4229-8E2B-F567AB743C1F}
		{77539B94-5628-493B-96D2-8AF0F68B55B1} = {607E69A9-6723-4F5C-8AF5-74E90E39E4BF}
		{D237E5B0-79E5-45E0-A4DE-74BE96C04DDE} = {F03A4372-86B2-40F3-AC29-B7F21A13EFED}
		{6244151D-9EAB-44E7-A706-9F135E617CAE} = {F03A4372-86B2-40F3-AC29-B7F21A13EFED}
		{AE1E7244-4E79-4B20-AE13-FB7F7E3B6B13} = {F03A4372-86B2-40F3-AC29-B7F21A13EFED}
		{7DE55F16-8CAA-4945-AF66-BFDA76015139} = {F03A4372-86B2-40F3-AC29-B7F21A13EFED}
		{704C9811-1075-41BB-B2DA-CA4CB9BFCFFA} = {8430C099-6AE9-4229-8E2B-F567AB743C1F}
		{89D4F9A0-4173-4F14-AAA0-0A99C421B562} = {8430C099-6AE9-4229-8E2B-F567AB743C1F}
	EndGlobalSection
	GlobalSection(ExtensibilityGlobals) = postSolution
		SolutionGuid = {DEAB3824-563F-4455-969B-FAC78198B316}
	EndGlobalSection
EndGlobal
